{
  "version": 4,
  "terraform_version": "1.10.3",
  "serial": 3,
  "lineage": "932be6be-118a-2098-69ed-7224d8e0066d",
  "outputs": {
    "repo_url": {
      "value": "https://github.com/rajankmr039/repo-terraform-project",
      "type": "string"
    }
  },
  "resources": [
    {
      "mode": "managed",
      "type": "github_repository",
      "name": "terraform-project",
      "provider": "provider[\"registry.terraform.io/hashicorp/github\"]",
      "instances": [
        {
          "schema_version": 1,
          "attributes": {
            "allow_auto_merge": false,
            "allow_merge_commit": true,
            "allow_rebase_merge": true,
            "allow_squash_merge": true,
            "allow_update_branch": false,
            "archive_on_destroy": null,
            "archived": false,
            "auto_init": true,
            "default_branch": "main",
            "delete_branch_on_merge": false,
            "description": "Infra Automation using terraform",
            "etag": "W/\"adc17a68036b5b5cab71e021bd51ad67ae3aa9565787de6c70405428e9bdc728\"",
            "full_name": "rajankmr039/repo-terraform-project",
            "git_clone_url": "git://github.com/rajankmr039/repo-terraform-project.git",
            "gitignore_template": null,
            "has_discussions": false,
            "has_downloads": false,
            "has_issues": false,
            "has_projects": false,
            "has_wiki": false,
            "homepage_url": "",
            "html_url": "https://github.com/rajankmr039/repo-terraform-project",
            "http_clone_url": "https://github.com/rajankmr039/repo-terraform-project.git",
            "id": "repo-terraform-project",
            "ignore_vulnerability_alerts_during_read": null,
            "is_template": false,
            "license_template": null,
            "merge_commit_message": "PR_TITLE",
            "merge_commit_title": "MERGE_MESSAGE",
            "name": "repo-terraform-project",
            "node_id": "R_kgDONj6mxg",
            "pages": [],
            "primary_language": "",
            "private": false,
            "repo_id": 910075590,
            "security_and_analysis": [
              {
                "advanced_security": [],
                "secret_scanning": [
                  {
                    "status": "enabled"
                  }
                ],
                "secret_scanning_push_protection": [
                  {
                    "status": "enabled"
                  }
                ]
              }
            ],
            "squash_merge_commit_message": "COMMIT_MESSAGES",
            "squash_merge_commit_title": "COMMIT_OR_PR_TITLE",
            "ssh_clone_url": "git@github.com:rajankmr039/repo-terraform-project.git",
            "svn_url": "https://github.com/rajankmr039/repo-terraform-project",
            "template": [],
            "topics": [],
            "visibility": "public",
            "vulnerability_alerts": false,
            "web_commit_signoff_required": false
          },
          "sensitive_attributes": [],
          "private": "eyJzY2hlbWFfdmVyc2lvbiI6IjEifQ=="
        }
      ]
    }
  ],
  "check_results": null
}
